# This file is autogenerated, do not edit; changes may be undone by the next 'dep ensure'.


[[projects]]
  name = "github.com/kr/fs"
  packages = ["."]
  revision = "1455def202f6e05b95cc7bfc7e8ae67ae5141eba"
  version = "v0.1.0"

[[projects]]
  name = "github.com/pkg/errors"
  packages = ["."]
  revision = "645ef00459ed84a119197bfb8d8205042c6df63d"
  version = "v0.8.0"

[[projects]]
  name = "github.com/pkg/sftp"
  packages = ["."]
  revision = "d2aa419835609d317c34baae11bc345d1f9971a7"
  version = "1.7.0"

[[projects]]
  branch = "master"
  name = "golang.org/x/crypto"
  packages = [
    "curve25519",
    "ed25519",
    "ed25519/internal/edwards25519",
    "internal/chacha20",
    "poly1305",
    "ssh"
  ]
  revision = "8ac0e0d97ce45cd83d1d7243c060cb8461dda5e9"

[solve-meta]
  analyzer-name = "dep"
  analyzer-version = 1
  inputs-digest = "5897b13abd64e898f78f0b6ae57c7726953411390b8146ed4202841ea9aaa20d"
  solver-name = "gps-cdcl"
  solver-version = 1
